{
  "version": "5",
  "redirects": {
    "https://esm.sh/@pdf-lib/standard-fonts@^1.0.0?target=deno": "https://esm.sh/@pdf-lib/standard-fonts@1.0.0?target=deno",
    "https://esm.sh/@pdf-lib/upng@^1.0.1?target=deno": "https://esm.sh/@pdf-lib/upng@1.0.1?target=deno",
    "https://esm.sh/@supabase/phoenix@^0.4.2?target=denonext": "https://esm.sh/@supabase/phoenix@0.4.5?target=denonext",
    "https://esm.sh/iceberg-js@^0.8.1?target=denonext": "https://esm.sh/iceberg-js@0.8.1?target=denonext",
    "https://esm.sh/pako@^1.0.10?target=deno": "https://esm.sh/pako@1.0.11?target=deno",
    "https://esm.sh/pako@^1.0.11?target=deno": "https://esm.sh/pako@1.0.11?target=deno",
    "https://esm.sh/pako@^1.0.6?target=deno": "https://esm.sh/pako@1.0.11?target=deno",
    "https://esm.sh/tslib@^1.11.1?target=deno": "https://esm.sh/tslib@1.14.1?target=deno"
  },
  "remote": {
    "https://esm.sh/@pdf-lib/standard-fonts@1.0.0/deno/standard-fonts.mjs": "c1bce450b9b5ec7d385fcd3436585b8b78466999e02a8811be5f0ba46d3d9416",
    "https://esm.sh/@pdf-lib/standard-fonts@1.0.0?target=deno": "2caf8123de4d6a1f5c428e12b07486302f1a1d064eed145cd4f84ce7f7effe4e",
    "https://esm.sh/@pdf-lib/upng@1.0.1/deno/upng.mjs": "5f4bcb6da9036de15092027e651d5ce299907da2c58cd398df9ab8ddedb20f9a",
    "https://esm.sh/@pdf-lib/upng@1.0.1?target=deno": "b7991b66435dc8369ec564937e3c4dd090f178204f9d5e543bd8e590783bb53d",
    "https://esm.sh/@supabase/auth-js@2.108.2/denonext/auth-js.mjs": "9f40126f47eb0bd2803bae8d48a9a90a341704395996806ac5cac87e345e4ab4",
    "https://esm.sh/@supabase/functions-js@2.108.2/denonext/functions-js.mjs": "cb8c9f454e644c0e7ccf568c046ec026baaf88aca20185fe8365ec89026576d3",
    "https://esm.sh/@supabase/phoenix@0.4.5/denonext/phoenix.mjs": "40bd2a70829cd847848baac58e635bacd83fd62188f6624b44e2c295341004eb",
    "https://esm.sh/@supabase/phoenix@0.4.5?target=denonext": "28b2760cf24e1117ed0644a665bfab1c60d132872fa95bcae4cc3fecc7499ee2",
    "https://esm.sh/@supabase/postgrest-js@2.108.2/denonext/postgrest-js.mjs": "4f97eb01ffd7ed89869a5bcf910eb45e0e48230ab9462e0d3667fe243ce2ca94",
    "https://esm.sh/@supabase/realtime-js@2.108.2/denonext/realtime-js.mjs": "7dd89b17c7617a5b4e9047144f53fa324a805853c77a5d3388e18b189c9d3be3",
    "https://esm.sh/@supabase/storage-js@2.108.2/denonext/storage-js.mjs": "cc4cb3161c606e44108efad0ad1d6f770e6c337293b6ed068e2ba58ffd24fdfb",
    "https://esm.sh/@supabase/supabase-js@2.108.2": "7fbe17c4ef67b80d388cef1f0a0c7ecb28b2b1c3c4110875925a4bc82ff28e13",
    "https://esm.sh/@supabase/supabase-js@2.108.2/denonext/supabase-js.mjs": "46f2f36b66e96481e47095942551fea2d14069e97acafb2bc3a1a3b1c2442195",
    "https://esm.sh/iceberg-js@0.8.1/denonext/iceberg-js.mjs": "d839d81a2e3966500ca2cdd0c1cb458e9608bacfc91f7bb67a69b2e878dcdb4f",
    "https://esm.sh/iceberg-js@0.8.1?target=denonext": "58c849d7fe2bf4eca4a84eb501e83c161a7d8c34ca1bec15a962b3bec3062633",
    "https://esm.sh/pako@1.0.11/deno/pako.mjs": "4895feb3e2441ef725da4052a5dc93d219d065fef1decc4452bb9b7ee1477c0d",
    "https://esm.sh/pako@1.0.11?target=deno": "9c9e7aa19bbe49e6b462cf2a10281f1b9d11182dfaa8805db24f1ab660a6818f",
    "https://esm.sh/pdf-lib@1.17.1/deno/es/core/annotation.mjs": "8dd17eaae8e5ecee039a0ee44390a67419de06bcfd610dec5e9eb49d596b69c6",
    "https://esm.sh/pdf-lib@1.17.1/deno/es/utils.mjs": "e935132dd54ee3d1e945a09322744996e9708fc3789475b2eb729d5dd4ed5149",
    "https://esm.sh/pdf-lib@1.17.1/deno/es/utils/index.mjs": "89c908bb2fab9fe421e4bcbdfe1e459ba49a6f91304ff1f2e8262f86ac8140ff",
    "https://esm.sh/pdf-lib@1.17.1/deno/pdf-lib.mjs": "2aea93b15ea9891297ca75a49c56538b7da8dab340bc8f1c8570f53cd3b13576",
    "https://esm.sh/pdf-lib@1.17.1?target=deno": "f05ab18d91820fe2a8ac345b9ffb1e40b218653ab54d26b25843dd8a01676d48",
    "https://esm.sh/tslib@1.14.1/deno/tslib.mjs": "748739307d67fbaa8ae634eed70715714dd1f54f04fe8635bcb7f72cb0aaed62",
    "https://esm.sh/tslib@1.14.1?target=deno": "3de91ce860099bd88378c673deb1629f0bcf59d88d45cbee5119b5ee0499396f",
    "https://esm.sh/tslib@2.8.1/denonext/tslib.mjs": "c38da5dd6da6281964435002ce204cd586634fe3bdfb24a0ee116f48cf3292e9"
  },
  "workspace": {
    "packageJson": {
      "dependencies": [
        "npm:@pdf-lib/fontkit@1.1.1",
        "npm:@supabase/ssr@0.5",
        "npm:@supabase/supabase-js@^2.45.0",
        "npm:@types/node@^20.16.5",
        "npm:@types/qrcode@^1.5.5",
        "npm:@types/react-dom@19.3.0",
        "npm:@types/react@19.3.0",
        "npm:autoprefixer@^10.4.20",
        "npm:clsx@^2.1.1",
        "npm:eslint-config-next@15.5.25",
        "npm:eslint@^8.57.0",
        "npm:html2canvas@1.4.1",
        "npm:jspdf@4.2.1",
        "npm:lucide-react@0.439",
        "npm:next@15.5.25",
        "npm:pdf-lib@1.17.1",
        "npm:pdfjs-dist@6.3.289",
        "npm:postcss@8.5.28",
        "npm:qrcode@^1.5.4",
        "npm:react-dom@19.3.0",
        "npm:react@19.3.0",
        "npm:read-excel-file@9.3.10",
        "npm:tailwind-merge@^2.5.2",
        "npm:tailwindcss@^3.4.10",
        "npm:typescript@^5.5.4"
      ],
      "overrides": {
        "postcss": "$postcss",
        "@typescript-eslint/typescript-estree@^7.0.0": {
          "minimatch": "9.0.9"
        }
      }
    }
  }
}
